// !$*UTF8*$!
{
	archiveVersion = 1;
	classes = {
	};
	objectVersion = 55;
	objects = {

/* Begin PBXBuildFile section */
		112214442D6DDE4D004E0ED5 /* Separator.swift in Sources */ = {isa = PBXBuildFile; fileRef = 112214432D6DDE4D004E0ED5 /* Separator.swift */; };
		112214462D6E043C004E0ED5 /* ScrollCell.swift in Sources */ = {isa = PBXBuildFile; fileRef = 112214452D6E043C004E0ED5 /* ScrollCell.swift */; };
		1147D3732D6F2A1400E2C974 /* BlogCell.swift in Sources */ = {isa = PBXBuildFile; fileRef = 1147D3722D6F2A1400E2C974 /* BlogCell.swift */; };
		1147D3752D6F584C00E2C974 /* ButtonCell.swift in Sources */ = {isa = PBXBuildFile; fileRef = 1147D3742D6F584C00E2C974 /* ButtonCell.swift */; };
		11614A372D6890570036C601 /* LabelCell.swift in Sources */ = {isa = PBXBuildFile; fileRef = 11614A362D6890570036C601 /* LabelCell.swift */; };
		11649A332D677DF000BEBD7B /* AppDelegate.swift in Sources */ = {isa = PBXBuildFile; fileRef = 11649A322D677DF000BEBD7B /* AppDelegate.swift */; };
		11649A352D677DF000BEBD7B /* SceneDelegate.swift in Sources */ = {isa = PBXBuildFile; fileRef = 11649A342D677DF000BEBD7B /* SceneDelegate.swift */; };
		11649A372D677DF000BEBD7B /* ViewController.swift in Sources */ = {isa = PBXBuildFile; fileRef = 11649A362D677DF000BEBD7B /* ViewController.swift */; };
		11649A3A2D677DF000BEBD7B /* Main.storyboard in Resources */ = {isa = PBXBuildFile; fileRef = 11649A382D677DF000BEBD7B /* Main.storyboard */; };
		11649A3C2D677DF300BEBD7B /* Assets.xcassets in Resources */ = {isa = PBXBuildFile; fileRef = 11649A3B2D677DF300BEBD7B /* Assets.xcassets */; };
		11649A3F2D677DF300BEBD7B /* LaunchScreen.storyboard in Resources */ = {isa = PBXBuildFile; fileRef = 11649A3D2D677DF300BEBD7B /* LaunchScreen.storyboard */; };
		11649A4A2D677DF300BEBD7B /* FashionTests.swift in Sources */ = {isa = PBXBuildFile; fileRef = 11649A492D677DF300BEBD7B /* FashionTests.swift */; };
		11649A542D677DF300BEBD7B /* FashionUITests.swift in Sources */ = {isa = PBXBuildFile; fileRef = 11649A532D677DF300BEBD7B /* FashionUITests.swift */; };
		11649A562D677DF300BEBD7B /* FashionUITestsLaunchTests.swift in Sources */ = {isa = PBXBuildFile; fileRef = 11649A552D677DF300BEBD7B /* FashionUITestsLaunchTests.swift */; };
		11649A632D67833500BEBD7B /* BlogCellViewModel.swift in Sources */ = {isa = PBXBuildFile; fileRef = 11649A622D67833500BEBD7B /* BlogCellViewModel.swift */; };
/* End PBXBuildFile section */

/* Begin PBXContainerItemProxy section */
		11649A462D677DF300BEBD7B /* PBXContainerItemProxy */ = {
			isa = PBXContainerItemProxy;
			containerPortal = 11649A272D677DF000BEBD7B /* Project object */;
			proxyType = 1;
			remoteGlobalIDString = 11649A2E2D677DF000BEBD7B;
			remoteInfo = Fashion;
		};
		11649A502D677DF300BEBD7B /* PBXContainerItemProxy */ = {
			isa = PBXContainerItemProxy;
			containerPortal = 11649A272D677DF000BEBD7B /* Project object */;
			proxyType = 1;
			remoteGlobalIDString = 11649A2E2D677DF000BEBD7B;
			remoteInfo = Fashion;
		};
/* End PBXContainerItemProxy section */

/* Begin PBXFileReference section */
		112214432D6DDE4D004E0ED5 /* Separator.swift */ = {isa = PBXFileReference; lastKnownFileType = sourcecode.swift; path = Separator.swift; sourceTree = "<group>"; };
		112214452D6E043C004E0ED5 /* ScrollCell.swift */ = {isa = PBXFileReference; lastKnownFileType = sourcecode.swift; path = ScrollCell.swift; sourceTree = "<group>"; };
		1147D3722D6F2A1400E2C974 /* BlogCell.swift */ = {isa = PBXFileReference; lastKnownFileType = sourcecode.swift; path = BlogCell.swift; sourceTree = "<group>"; };
		1147D3742D6F584C00E2C974 /* ButtonCell.swift */ = {isa = PBXFileReference; lastKnownFileType = sourcecode.swift; path = ButtonCell.swift; sourceTree = "<group>"; };
		11614A362D6890570036C601 /* LabelCell.swift */ = {isa = PBXFileReference; lastKnownFileType = sourcecode.swift; path = LabelCell.swift; sourceTree = "<group>"; };
		11649A2F2D677DF000BEBD7B /* Fashion.app */ = {isa = PBXFileReference; explicitFileType = wrapper.application; includeInIndex = 0; path = Fashion.app; sourceTree = BUILT_PRODUCTS_DIR; };
		11649A322D677DF000BEBD7B /* AppDelegate.swift */ = {isa = PBXFileReference; lastKnownFileType = sourcecode.swift; path = AppDelegate.swift; sourceTree = "<group>"; };
		11649A342D677DF000BEBD7B /* SceneDelegate.swift */ = {isa = PBXFileReference; lastKnownFileType = sourcecode.swift; path = SceneDelegate.swift; sourceTree = "<group>"; };
		11649A362D677DF000BEBD7B /* ViewController.swift */ = {isa = PBXFileReference; lastKnownFileType = sourcecode.swift; path = ViewController.swift; sourceTree = "<group>"; };
		11649A392D677DF000BEBD7B /* Base */ = {isa = PBXFileReference; lastKnownFileType = file.storyboard; name = Base; path = Base.lproj/Main.storyboard; sourceTree = "<group>"; };
		11649A3B2D677DF300BEBD7B /* Assets.xcassets */ = {isa = PBXFileReference; lastKnownFileType = folder.assetcatalog; path = Assets.xcassets; sourceTree = "<group>"; };
		11649A3E2D677DF300BEBD7B /* Base */ = {isa = PBXFileReference; lastKnownFileType = file.storyboard; name = Base; path = Base.lproj/LaunchScreen.storyboard; sourceTree = "<group>"; };
		11649A402D677DF300BEBD7B /* Info.plist */ = {isa = PBXFileReference; lastKnownFileType = text.plist.xml; path = Info.plist; sourceTree = "<group>"; };
		11649A452D677DF300BEBD7B /* FashionTests.xctest */ = {isa = PBXFileReference; explicitFileType = wrapper.cfbundle; includeInIndex = 0; path = FashionTests.xctest; sourceTree = BUILT_PRODUCTS_DIR; };
		11649A492D677DF300BEBD7B /* FashionTests.swift */ = {isa = PBXFileReference; lastKnownFileType = sourcecode.swift; path = FashionTests.swift; sourceTree = "<group>"; };
		11649A4F2D677DF300BEBD7B /* FashionUITests.xctest */ = {isa = PBXFileReference; explicitFileType = wrapper.cfbundle; includeInIndex = 0; path = FashionUITests.xctest; sourceTree = BUILT_PRODUCTS_DIR; };
		11649A532D677DF300BEBD7B /* FashionUITests.swift */ = {isa = PBXFileReference; lastKnownFileType = sourcecode.swift; path = FashionUITests.swift; sourceTree = "<group>"; };
		11649A552D677DF300BEBD7B /* FashionUITestsLaunchTests.swift */ = {isa = PBXFileReference; lastKnownFileType = sourcecode.swift; path = FashionUITestsLaunchTests.swift; sourceTree = "<group>"; };
		11649A622D67833500BEBD7B /* BlogCellViewModel.swift */ = {isa = PBXFileReference; lastKnownFileType = sourcecode.swift; path = BlogCellViewModel.swift; sourceTree = "<group>"; };
/* End PBXFileReference section */

/* Begin PBXFrameworksBuildPhase section */
		11649A2C2D677DF000BEBD7B /* Frameworks */ = {
			isa = PBXFrameworksBuildPhase;
			buildActionMask = 2147483647;
			files = (
			);
			runOnlyForDeploymentPostprocessing = 0;
		};
		11649A422D677DF300BEBD7B /* Frameworks */ = {
			isa = PBXFrameworksBuildPhase;
			buildActionMask = 2147483647;
			files = (
			);
			runOnlyForDeploymentPostprocessing = 0;
		};
		11649A4C2D677DF300BEBD7B /* Frameworks */ = {
			isa = PBXFrameworksBuildPhase;
			buildActionMask = 2147483647;
			files = (
			);
			runOnlyForDeploymentPostprocessing = 0;
		};
/* End PBXFrameworksBuildPhase section */

/* Begin PBXGroup section */
		11649A262D677DF000BEBD7B = {
			isa = PBXGroup;
			children = (
				11649A312D677DF000BEBD7B /* Fashion */,
				11649A482D677DF300BEBD7B /* FashionTests */,
				11649A522D677DF300BEBD7B /* FashionUITests */,
				11649A302D677DF000BEBD7B /* Products */,
			);
			sourceTree = "<group>";
		};
		11649A302D677DF000BEBD7B /* Products */ = {
			isa = PBXGroup;
			children = (
				11649A2F2D677DF000BEBD7B /* Fashion.app */,
				11649A452D677DF300BEBD7B /* FashionTests.xctest */,
				11649A4F2D677DF300BEBD7B /* FashionUITests.xctest */,
			);
			name = Products;
			sourceTree = "<group>";
		};
		11649A312D677DF000BEBD7B /* Fashion */ = {
			isa = PBXGroup;
			children = (
				11649A322D677DF000BEBD7B /* AppDelegate.swift */,
				11649A342D677DF000BEBD7B /* SceneDelegate.swift */,
				11649A622D67833500BEBD7B /* BlogCellViewModel.swift */,
				11649A362D677DF000BEBD7B /* ViewController.swift */,
				11614A362D6890570036C601 /* LabelCell.swift */,
				112214432D6DDE4D004E0ED5 /* Separator.swift */,
				112214452D6E043C004E0ED5 /* ScrollCell.swift */,
				1147D3722D6F2A1400E2C974 /* BlogCell.swift */,
				1147D3742D6F584C00E2C974 /* ButtonCell.swift */,
				11649A382D677DF000BEBD7B /* Main.storyboard */,
				11649A3B2D677DF300BEBD7B /* Assets.xcassets */,
				11649A3D2D677DF300BEBD7B /* LaunchScreen.storyboard */,
				11649A402D677DF300BEBD7B /* Info.plist */,
			);
			path = Fashion;
			sourceTree = "<group>";
		};
		11649A482D677DF300BEBD7B /* FashionTests */ = {
			isa = PBXGroup;
			children = (
				11649A492D677DF300BEBD7B /* FashionTests.swift */,
			);
			path = FashionTests;
			sourceTree = "<group>";
		};
		11649A522D677DF300BEBD7B /* FashionUITests */ = {
			isa = PBXGroup;
			children = (
				11649A532D677DF300BEBD7B /* FashionUITests.swift */,
				11649A552D677DF300BEBD7B /* FashionUITestsLaunchTests.swift */,
			);
			path = FashionUITests;
			sourceTree = "<group>";
		};
/* End PBXGroup section */

/* Begin PBXNativeTarget section */
		11649A2E2D677DF000BEBD7B /* Fashion */ = {
			isa = PBXNativeTarget;
			buildConfigurationList = 11649A592D677DF300BEBD7B /* Build configuration list for PBXNativeTarget "Fashion" */;
			buildPhases = (
				11649A2B2D677DF000BEBD7B /* Sources */,
				11649A2C2D677DF000BEBD7B /* Frameworks */,
				11649A2D2D677DF000BEBD7B /* Resources */,
			);
			buildRules = (
			);
			dependencies = (
			);
			name = Fashion;
			productName = Fashion;
			productReference = 11649A2F2D677DF000BEBD7B /* Fashion.app */;
			productType = "com.apple.product-type.application";
		};
		11649A442D677DF300BEBD7B /* FashionTests */ = {
			isa = PBXNativeTarget;
			buildConfigurationList = 11649A5C2D677DF300BEBD7B /* Build configuration list for PBXNativeTarget "FashionTests" */;
			buildPhases = (
				11649A412D677DF300BEBD7B /* Sources */,
				11649A422D677DF300BEBD7B /* Frameworks */,
				11649A432D677DF300BEBD7B /* Resources */,
			);
			buildRules = (
			);
			dependencies = (
				11649A472D677DF300BEBD7B /* PBXTargetDependency */,
			);
			name = FashionTests;
			productName = FashionTests;
			productReference = 11649A452D677DF300BEBD7B /* FashionTests.xctest */;
			productType = "com.apple.product-type.bundle.unit-test";
		};
		11649A4E2D677DF300BEBD7B /* FashionUITests */ = {
			isa = PBXNativeTarget;
			buildConfigurationList = 11649A5F2D677DF300BEBD7B /* Build configuration list for PBXNativeTarget "FashionUITests" */;
			buildPhases = (
				11649A4B2D677DF300BEBD7B /* Sources */,
				11649A4C2D677DF300BEBD7B /* Frameworks */,
				11649A4D2D677DF300BEBD7B /* Resources */,
			);
			buildRules = (
			);
			dependencies = (
				11649A512D677DF300BEBD7B /* PBXTargetDependency */,
			);
			name = FashionUITests;
			productName = FashionUITests;
			productReference = 11649A4F2D677DF300BEBD7B /* FashionUITests.xctest */;
			productType = "com.apple.product-type.bundle.ui-testing";
		};
/* End PBXNativeTarget section */

/* Begin PBXProject section */
		11649A272D677DF000BEBD7B /* Project object */ = {
			isa = PBXProject;
			attributes = {
				BuildIndependentTargetsInParallel = 1;
				LastSwiftUpdateCheck = 1320;
				LastUpgradeCheck = 1320;
				TargetAttributes = {
					11649A2E2D677DF000BEBD7B = {
						CreatedOnToolsVersion = 13.2;
					};
					11649A442D677DF300BEBD7B = {
						CreatedOnToolsVersion = 13.2;
						TestTargetID = 11649A2E2D677DF000BEBD7B;
					};
					11649A4E2D677DF300BEBD7B = {
						CreatedOnToolsVersion = 13.2;
						TestTargetID = 11649A2E2D677DF000BEBD7B;
					};
				};
			};
			buildConfigurationList = 11649A2A2D677DF000BEBD7B /* Build configuration list for PBXProject "Fashion" */;
			compatibilityVersion = "Xcode 13.0";
			developmentRegion = en;
			hasScannedForEncodings = 0;
			knownRegions = (
				en,
				Base,
			);
			mainGroup = 11649A262D677DF000BEBD7B;
			productRefGroup = 11649A302D677DF000BEBD7B /* Products */;
			projectDirPath = "";
			projectRoot = "";
			targets = (
				11649A2E2D677DF000BEBD7B /* Fashion */,
				11649A442D677DF300BEBD7B /* FashionTests */,
				11649A4E2D677DF300BEBD7B /* FashionUITests */,
			);
		};
/* End PBXProject section */

/* Begin PBXResourcesBuildPhase section */
		11649A2D2D677DF000BEBD7B /* Resources */ = {
			isa = PBXResourcesBuildPhase;
			buildActionMask = 2147483647;
			files = (
				11649A3F2D677DF300BEBD7B /* LaunchScreen.storyboard in Resources */,
				11649A3C2D677DF300BEBD7B /* Assets.xcassets in Resources */,
				11649A3A2D677DF000BEBD7B /* Main.storyboard in Resources */,
			);
			runOnlyForDeploymentPostprocessing = 0;
		};
		11649A432D677DF300BEBD7B /* Resources */ = {
			isa = PBXResourcesBuildPhase;
			buildActionMask = 2147483647;
			files = (
			);
			runOnlyForDeploymentPostprocessing = 0;
		};
		11649A4D2D677DF300BEBD7B /* Resources */ = {
			isa = PBXResourcesBuildPhase;
			buildActionMask = 2147483647;
			files = (
			);
			runOnlyForDeploymentPostprocessing = 0;
		};
/* End PBXResourcesBuildPhase section */

/* Begin PBXSourcesBuildPhase section */
		11649A2B2D677DF000BEBD7B /* Sources */ = {
			isa = PBXSourcesBuildPhase;
			buildActionMask = 2147483647;
			files = (
				11649A372D677DF000BEBD7B /* ViewController.swift in Sources */,
				112214462D6E043C004E0ED5 /* ScrollCell.swift in Sources */,
				1147D3752D6F584C00E2C974 /* ButtonCell.swift in Sources */,
				11649A332D677DF000BEBD7B /* AppDelegate.swift in Sources */,
				11649A632D67833500BEBD7B /* BlogCellViewModel.swift in Sources */,
				11649A352D677DF000BEBD7B /* SceneDelegate.swift in Sources */,
				1147D3732D6F2A1400E2C974 /* BlogCell.swift in Sources */,
				11614A372D6890570036C601 /* LabelCell.swift in Sources */,
				112214442D6DDE4D004E0ED5 /* Separator.swift in Sources */,
			);
			runOnlyForDeploymentPostprocessing = 0;
		};
		11649A412D677DF300BEBD7B /* Sources */ = {
			isa = PBXSourcesBuildPhase;
			buildActionMask = 2147483647;
			files = (
				11649A4A2D677DF300BEBD7B /* FashionTests.swift in Sources */,
			);
			runOnlyForDeploymentPostprocessing = 0;
		};
		11649A4B2D677DF300BEBD7B /* Sources */ = {
			isa = PBXSourcesBuildPhase;
			buildActionMask = 2147483647;
			files = (
				11649A542D677DF300BEBD7B /* FashionUITests.swift in Sources */,
				11649A562D677DF300BEBD7B /* FashionUITestsLaunchTests.swift in Sources */,
			);
			runOnlyForDeploymentPostprocessing = 0;
		};
/* End PBXSourcesBuildPhase section */

/* Begin PBXTargetDependency section */
		11649A472D677DF300BEBD7B /* PBXTargetDependency */ = {
			isa = PBXTargetDependency;
			target = 11649A2E2D677DF000BEBD7B /* Fashion */;
			targetProxy = 11649A462D677DF300BEBD7B /* PBXContainerItemProxy */;
		};
		11649A512D677DF300BEBD7B /* PBXTargetDependency */ = {
			isa = PBXTargetDependency;
			target = 11649A2E2D677DF000BEBD7B /* Fashion */;
			targetProxy = 11649A502D677DF300BEBD7B /* PBXContainerItemProxy */;
		};
/* End PBXTargetDependency section */

/* Begin PBXVariantGroup section */
		11649A382D677DF000BEBD7B /* Main.storyboard */ = {
			isa = PBXVariantGroup;
			children = (
				11649A392D677DF000BEBD7B /* Base */,
			);
			name = Main.storyboard;
			sourceTree = "<group>";
		};
		11649A3D2D677DF300BEBD7B /* LaunchScreen.storyboard */ = {
			isa = PBXVariantGroup;
			children = (
				11649A3E2D677DF300BEBD7B /* Base */,
			);
			name = LaunchScreen.storyboard;
			sourceTree = "<group>";
		};
/* End PBXVariantGroup section */

/* Begin XCBuildConfiguration section */
		11649A572D677DF300BEBD7B /* Debug */ = {
			isa = XCBuildConfiguration;
			buildSettings = {
				ALWAYS_SEARCH_USER_PATHS = NO;
				CLANG_ANALYZER_NONNULL = YES;
				CLANG_ANALYZER_NUMBER_OBJECT_CONVERSION = YES_AGGRESSIVE;
				CLANG_CXX_LANGUAGE_STANDARD = "gnu++17";
				CLANG_CXX_LIBRARY = "libc++";
				CLANG_ENABLE_MODULES = YES;
				CLANG_ENABLE_OBJC_ARC = YES;
				CLANG_ENABLE_OBJC_WEAK = YES;
				CLANG_WARN_BLOCK_CAPTURE_AUTORELEASING = YES;
				CLANG_WARN_BOOL_CONVERSION = YES;
				CLANG_WARN_COMMA = YES;
				CLANG_WARN_CONSTANT_CONVERSION = YES;
				CLANG_WARN_DEPRECATED_OBJC_IMPLEMENTATIONS = YES;
				CLANG_WARN_DIRECT_OBJC_ISA_USAGE = YES_ERROR;
				CLANG_WARN_DOCUMENTATION_COMMENTS = YES;
				CLANG_WARN_EMPTY_BODY = YES;
				CLANG_WARN_ENUM_CONVERSION = YES;
				CLANG_WARN_INFINITE_RECURSION = YES;
				CLANG_WARN_INT_CONVERSION = YES;
				CLANG_WARN_NON_LITERAL_NULL_CONVERSION = YES;
				CLANG_WARN_OBJC_IMPLICIT_RETAIN_SELF = YES;
				CLANG_WARN_OBJC_LITERAL_CONVERSION = YES;
				CLANG_WARN_OBJC_ROOT_CLASS = YES_ERROR;
				CLANG_WARN_QUOTED_INCLUDE_IN_FRAMEWORK_HEADER = YES;
				CLANG_WARN_RANGE_LOOP_ANALYSIS = YES;
				CLANG_WARN_STRICT_PROTOTYPES = YES;
				CLANG_WARN_SUSPICIOUS_MOVE = YES;
				CLANG_WARN_UNGUARDED_AVAILABILITY = YES_AGGRESSIVE;
				CLANG_WARN_UNREACHABLE_CODE = YES;
				CLANG_WARN__DUPLICATE_METHOD_MATCH = YES;
				COPY_PHASE_STRIP = NO;
				DEBUG_INFORMATION_FORMAT = dwarf;
				ENABLE_STRICT_OBJC_MSGSEND = YES;
				ENABLE_TESTABILITY = YES;
				GCC_C_LANGUAGE_STANDARD = gnu11;
				GCC_DYNAMIC_NO_PIC = NO;
				GCC_NO_COMMON_BLOCKS = YES;
				GCC_OPTIMIZATION_LEVEL = 0;
				GCC_PREPROCESSOR_DEFINITIONS = (
					"DEBUG=1",
					"$(inherited)",
				);
				GCC_WARN_64_TO_32_BIT_CONVERSION = YES;
				GCC_WARN_ABOUT_RETURN_TYPE = YES_ERROR;
				GCC_WARN_UNDECLARED_SELECTOR = YES;
				GCC_WARN_UNINITIALIZED_AUTOS = YES_AGGRESSIVE;
				GCC_WARN_UNUSED_FUNCTION = YES;
				GCC_WARN_UNUSED_VARIABLE = YES;
				IPHONEOS_DEPLOYMENT_TARGET = 15.2;
				MTL_ENABLE_DEBUG_INFO = INCLUDE_SOURCE;
				MTL_FAST_MATH = YES;
				ONLY_ACTIVE_ARCH = YES;
				SDKROOT = iphoneos;
				SWIFT_ACTIVE_COMPILATION_CONDITIONS = DEBUG;
				SWIFT_OPTIMIZATION_LEVEL = "-Onone";
			};
			name = Debug;
		};
		11649A582D677DF300BEBD7B /* Release */ = {
			isa = XCBuildConfiguration;
			buildSettings = {
				ALWAYS_SEARCH_USER_PATHS = NO;
				CLANG_ANALYZER_NONNULL = YES;
				CLANG_ANALYZER_NUMBER_OBJECT_CONVERSION = YES_AGGRESSIVE;
				CLANG_CXX_LANGUAGE_STANDARD = "gnu++17";
				CLANG_CXX_LIBRARY = "libc++";
				CLANG_ENABLE_MODULES = YES;
				CLANG_ENABLE_OBJC_ARC = YES;
				CLANG_ENABLE_OBJC_WEAK = YES;
				CLANG_WARN_BLOCK_CAPTURE_AUTORELEASING = YES;
				CLANG_WARN_BOOL_CONVERSION = YES;
				CLANG_WARN_COMMA = YES;
				CLANG_WARN_CONSTANT_CONVERSION = YES;
				CLANG_WARN_DEPRECATED_OBJC_IMPLEMENTATIONS = YES;
				CLANG_WARN_DIRECT_OBJC_ISA_USAGE = YES_ERROR;
				CLANG_WARN_DOCUMENTATION_COMMENTS = YES;
				CLANG_WARN_EMPTY_BODY = YES;
				CLANG_WARN_ENUM_CONVERSION = YES;
				CLANG_WARN_INFINITE_RECURSION = YES;
				CLANG_WARN_INT_CONVERSION = YES;
				CLANG_WARN_NON_LITERAL_NULL_CONVERSION = YES;
				CLANG_WARN_OBJC_IMPLICIT_RETAIN_SELF = YES;
				CLANG_WARN_OBJC_LITERAL_CONVERSION = YES;
				CLANG_WARN_OBJC_ROOT_CLASS = YES_ERROR;
				CLANG_WARN_QUOTED_INCLUDE_IN_FRAMEWORK_HEADER = YES;
				CLANG_WARN_RANGE_LOOP_ANALYSIS = YES;
				CLANG_WARN_STRICT_PROTOTYPES = YES;
				CLANG_WARN_SUSPICIOUS_MOVE = YES;
				CLANG_WARN_UNGUARDED_AVAILABILITY = YES_AGGRESSIVE;
				CLANG_WARN_UNREACHABLE_CODE = YES;
				CLANG_WARN__DUPLICATE_METHOD_MATCH = YES;
				COPY_PHASE_STRIP = NO;
				DEBUG_INFORMATION_FORMAT = "dwarf-with-dsym";
				ENABLE_NS_ASSERTIONS = NO;
				ENABLE_STRICT_OBJC_MSGSEND = YES;
				GCC_C_LANGUAGE_STANDARD = gnu11;
				GCC_NO_COMMON_BLOCKS = YES;
				GCC_WARN_64_TO_32_BIT_CONVERSION = YES;
				GCC_WARN_ABOUT_RETURN_TYPE = YES_ERROR;
				GCC_WARN_UNDECLARED_SELECTOR = YES;
				GCC_WARN_UNINITIALIZED_AUTOS = YES_AGGRESSIVE;
				GCC_WARN_UNUSED_FUNCTION = YES;
				GCC_WARN_UNUSED_VARIABLE = YES;
				IPHONEOS_DEPLOYMENT_TARGET = 15.2;
				MTL_ENABLE_DEBUG_INFO = NO;
				MTL_FAST_MATH = YES;
				SDKROOT = iphoneos;
				SWIFT_COMPILATION_MODE = wholemodule;
				SWIFT_OPTIMIZATION_LEVEL = "-O";
				VALIDATE_PRODUCT = YES;
			};
			name = Release;
		};
		11649A5A2D677DF300BEBD7B /* Debug */ = {
			isa = XCBuildConfiguration;
			buildSettings = {
				ASSETCATALOG_COMPILER_APPICON_NAME = AppIcon;
				ASSETCATALOG_COMPILER_GLOBAL_ACCENT_COLOR_NAME = AccentColor;
				CODE_SIGN_STYLE = Automatic;
				CURRENT_PROJECT_VERSION = 1;
				GENERATE_INFOPLIST_FILE = YES;
				INFOPLIST_FILE = Fashion/Info.plist;
				INFOPLIST_KEY_UIApplicationSupportsIndirectInputEvents = YES;
				INFOPLIST_KEY_UILaunchStoryboardName = LaunchScreen;
				INFOPLIST_KEY_UIMainStoryboardFile = Main;
				INFOPLIST_KEY_UISupportedInterfaceOrientations_iPad = "UIInterfaceOrientationPortrait UIInterfaceOrientationPortraitUpsideDown UIInterfaceOrientationLandscapeLeft UIInterfaceOrientationLandscapeRight";
				INFOPLIST_KEY_UISupportedInterfaceOrientations_iPhone = "UIInterfaceOrientationPortrait UIInterfaceOrientationLandscapeLeft UIInterfaceOrientationLandscapeRight";
				LD_RUNPATH_SEARCH_PATHS = (
					"$(inherited)",
					"@executable_path/Frameworks",
				);
				MARKETING_VERSION = 1.0;
				PRODUCT_BUNDLE_IDENTIFIER = com.Makotkin.Fashion;
				PRODUCT_NAME = "$(TARGET_NAME)";
				SWIFT_EMIT_LOC_STRINGS = YES;
				SWIFT_VERSION = 5.0;
				TARGETED_DEVICE_FAMILY = "1,2";
			};
			name = Debug;
		};
		11649A5B2D677DF300BEBD7B /* Release */ = {
			isa = XCBuildConfiguration;
			buildSettings = {
				ASSETCATALOG_COMPILER_APPICON_NAME = AppIcon;
				ASSETCATALOG_COMPILER_GLOBAL_ACCENT_COLOR_NAME = AccentColor;
				CODE_SIGN_STYLE = Automatic;
				CURRENT_PROJECT_VERSION = 1;
				GENERATE_INFOPLIST_FILE = YES;
				INFOPLIST_FILE = Fashion/Info.plist;
				INFOPLIST_KEY_UIApplicationSupportsIndirectInputEvents = YES;
				INFOPLIST_KEY_UILaunchStoryboardName = LaunchScreen;
				INFOPLIST_KEY_UIMainStoryboardFile = Main;
				INFOPLIST_KEY_UISupportedInterfaceOrientations_iPad = "UIInterfaceOrientationPortrait UIInterfaceOrientationPortraitUpsideDown UIInterfaceOrientationLandscapeLeft UIInterfaceOrientationLandscapeRight";
				INFOPLIST_KEY_UISupportedInterfaceOrientations_iPhone = "UIInterfaceOrientationPortrait UIInterfaceOrientationLandscapeLeft UIInterfaceOrientationLandscapeRight";
				LD_RUNPATH_SEARCH_PATHS = (
					"$(inherited)",
					"@executable_path/Frameworks",
				);
				MARKETING_VERSION = 1.0;
				PRODUCT_BUNDLE_IDENTIFIER = com.Makotkin.Fashion;
				PRODUCT_NAME = "$(TARGET_NAME)";
				SWIFT_EMIT_LOC_STRINGS = YES;
				SWIFT_VERSION = 5.0;
				TARGETED_DEVICE_FAMILY = "1,2";
			};
			name = Release;
		};
		11649A5D2D677DF300BEBD7B /* Debug */ = {
			isa = XCBuildConfiguration;
			buildSettings = {
				ALWAYS_EMBED_SWIFT_STANDARD_LIBRARIES = YES;
				BUNDLE_LOADER = "$(TEST_HOST)";
				CODE_SIGN_STYLE = Automatic;
				CURRENT_PROJECT_VERSION = 1;
				GENERATE_INFOPLIST_FILE = YES;
				IPHONEOS_DEPLOYMENT_TARGET = 15.2;
				MARKETING_VERSION = 1.0;
				PRODUCT_BUNDLE_IDENTIFIER = com.Makotkin.FashionTests;
				PRODUCT_NAME = "$(TARGET_NAME)";
				SWIFT_EMIT_LOC_STRINGS = NO;
				SWIFT_VERSION = 5.0;
				TARGETED_DEVICE_FAMILY = "1,2";
				TEST_HOST = "$(BUILT_PRODUCTS_DIR)/Fashion.app/Fashion";
			};
			name = Debug;
		};
		11649A5E2D677DF300BEBD7B /* Release */ = {
			isa = XCBuildConfiguration;
			buildSettings = {
				ALWAYS_EMBED_SWIFT_STANDARD_LIBRARIES = YES;
				BUNDLE_LOADER = "$(TEST_HOST)";
				CODE_SIGN_STYLE = Automatic;
				CURRENT_PROJECT_VERSION = 1;
				GENERATE_INFOPLIST_FILE = YES;
				IPHONEOS_DEPLOYMENT_TARGET = 15.2;
				MARKETING_VERSION = 1.0;
				PRODUCT_BUNDLE_IDENTIFIER = com.Makotkin.FashionTests;
				PRODUCT_NAME = "$(TARGET_NAME)";
				SWIFT_EMIT_LOC_STRINGS = NO;
				SWIFT_VERSION = 5.0;
				TARGETED_DEVICE_FAMILY = "1,2";
				TEST_HOST = "$(BUILT_PRODUCTS_DIR)/Fashion.app/Fashion";
			};
			name = Release;
		};
		11649A602D677DF300BEBD7B /* Debug */ = {
			isa = XCBuildConfiguration;
			buildSettings = {
				ALWAYS_EMBED_SWIFT_STANDARD_LIBRARIES = YES;
				CODE_SIGN_STYLE = Automatic;
				CURRENT_PROJECT_VERSION = 1;
				GENERATE_INFOPLIST_FILE = YES;
				MARKETING_VERSION = 1.0;
				PRODUCT_BUNDLE_IDENTIFIER = com.Makotkin.FashionUITests;
				PRODUCT_NAME = "$(TARGET_NAME)";
				SWIFT_EMIT_LOC_STRINGS = NO;
				SWIFT_VERSION = 5.0;
				TARGETED_DEVICE_FAMILY = "1,2";
				TEST_TARGET_NAME = Fashion;
			};
			name = Debug;
		};
		11649A612D677DF300BEBD7B /* Release */ = {
			isa = XCBuildConfiguration;
			buildSettings = {
				ALWAYS_EMBED_SWIFT_STANDARD_LIBRARIES = YES;
				CODE_SIGN_STYLE = Automatic;
				CURRENT_PROJECT_VERSION = 1;
				GENERATE_INFOPLIST_FILE = YES;
				MARKETING_VERSION = 1.0;
				PRODUCT_BUNDLE_IDENTIFIER = com.Makotkin.FashionUITests;
				PRODUCT_NAME = "$(TARGET_NAME)";
				SWIFT_EMIT_LOC_STRINGS = NO;
				SWIFT_VERSION = 5.0;
				TARGETED_DEVICE_FAMILY = "1,2";
				TEST_TARGET_NAME = Fashion;
			};
			name = Release;
		};
/* End XCBuildConfiguration section */

/* Begin XCConfigurationList section */
		11649A2A2D677DF000BEBD7B /* Build configuration list for PBXProject "Fashion" */ = {
			isa = XCConfigurationList;
			buildConfigurations = (
				11649A572D677DF300BEBD7B /* Debug */,
				11649A582D677DF300BEBD7B /* Release */,
			);
			defaultConfigurationIsVisible = 0;
			defaultConfigurationName = Release;
		};
		11649A592D677DF300BEBD7B /* Build configuration list for PBXNativeTarget "Fashion" */ = {
			isa = XCConfigurationList;
			buildConfigurations = (
				11649A5A2D677DF300BEBD7B /* Debug */,
				11649A5B2D677DF300BEBD7B /* Release */,
			);
			defaultConfigurationIsVisible = 0;
			defaultConfigurationName = Release;
		};
		11649A5C2D677DF300BEBD7B /* Build configuration list for PBXNativeTarget "FashionTests" */ = {
			isa = XCConfigurationList;
			buildConfigurations = (
				11649A5D2D677DF300BEBD7B /* Debug */,
				11649A5E2D677DF300BEBD7B /* Release */,
			);
			defaultConfigurationIsVisible = 0;
			defaultConfigurationName = Release;
		};
		11649A5F2D677DF300BEBD7B /* Build configuration list for PBXNativeTarget "FashionUITests" */ = {
			isa = XCConfigurationList;
			buildConfigurations = (
				11649A602D677DF300BEBD7B /* Debug */,
				11649A612D677DF300BEBD7B /* Release */,
			);
			defaultConfigurationIsVisible = 0;
			defaultConfigurationName = Release;
		};
/* End XCConfigurationList section */
	};
	rootObject = 11649A272D677DF000BEBD7B /* Project object */;
}
